
Microsoft Visual Studio Solution File, Format Version 12.00
# Visual Studio Version 17
VisualStudioVersion = 17.0.31903.59
MinimumVisualStudioVersion = 10.0.40219.1
Project("{2150E333-8FDC-42A3-9474-1A3956D46DE8}") = "src", "src", "{827E0CD3-B72D-47B6-A68D-7590B98EB39B}"
EndProject
Project("{FAE04EC0-301F-11D3-BF4B-00C04F79EFBC}") = "QrFoodOrdering.Api", "src\QrFoodOrdering.Api\QrFoodOrdering.Api.csproj", "{282510F8-B020-4ACC-A000-B075941BFAF6}"
EndProject
Project("{FAE04EC0-301F-11D3-BF4B-00C04F79EFBC}") = "QrFoodOrdering.Application", "src\QrFoodOrdering.Application\QrFoodOrdering.Application.csproj", "{49BADD9C-39D5-409A-96F7-30DA8161F22E}"
EndProject
Project("{FAE04EC0-301F-11D3-BF4B-00C04F79EFBC}") = "QrFoodOrdering.Domain", "src\QrFoodOrdering.Domain\QrFoodOrdering.Domain.csproj", "{CD441DF0-9544-4DA6-8095-A006B2AA216B}"
EndProject
Project("{FAE04EC0-301F-11D3-BF4B-00C04F79EFBC}") = "QrFoodOrdering.Infrastructure", "src\QrFoodOrdering.Infrastructure\QrFoodOrdering.Infrastructure.csproj", "{26A4ABCF-AA6D-4EA0-9868-EFC1FA0B64E3}"
EndProject
Project("{2150E333-8FDC-42A3-9474-1A3956D46DE8}") = "tests", "tests", "{0AB3BF05-4346-4AA6-1389-037BE0695223}"
EndProject
Project("{FAE04EC0-301F-11D3-BF4B-00C04F79EFBC}") = "QrFoodOrdering.Tests", "tests\QrFoodOrdering.Tests\QrFoodOrdering.Tests.csproj", "{A634AA7B-DA47-4516-9CA4-895D8417466B}"
EndProject
Global
	GlobalSection(SolutionConfigurationPlatforms) = preSolution
		Debug|Any CPU = Debug|Any CPU
		Debug|x64 = Debug|x64
		Debug|x86 = Debug|x86
		Release|Any CPU = Release|Any CPU
		Release|x64 = Release|x64
		Release|x86 = Release|x86
	EndGlobalSection
	GlobalSection(ProjectConfigurationPlatforms) = postSolution
		{282510F8-B020-4ACC-A000-B075941BFAF6}.Debug|Any CPU.ActiveCfg = Debug|Any CPU
		{282510F8-B020-4ACC-A000-B075941BFAF6}.Debug|Any CPU.Build.0 = Debug|Any CPU
		{282510F8-B020-4ACC-A000-B075941BFAF6}.Debug|x64.ActiveCfg = Debug|Any CPU
		{282510F8-B020-4ACC-A000-B075941BFAF6}.Debug|x64.Build.0 = Debug|Any CPU
		{282510F8-B020-4ACC-A000-B075941BFAF6}.Debug|x86.ActiveCfg = Debug|Any CPU
		{282510F8-B020-4ACC-A000-B075941BFAF6}.Debug|x86.Build.0 = Debug|Any CPU
		{282510F8-B020-4ACC-A000-B075941BFAF6}.Release|Any CPU.ActiveCfg = Release|Any CPU
		{282510F8-B020-4ACC-A000-B075941BFAF6}.Release|Any CPU.Build.0 = Release|Any CPU
		{282510F8-B020-4ACC-A000-B075941BFAF6}.Release|x64.ActiveCfg = Release|Any CPU
		{282510F8-B020-4ACC-A000-B075941BFAF6}.Release|x64.Build.0 = Release|Any CPU
		{282510F8-B020-4ACC-A000-B075941BFAF6}.Release|x86.ActiveCfg = Release|Any CPU
		{282510F8-B020-4ACC-A000-B075941BFAF6}.Release|x86.Build.0 = Release|Any CPU
		{49BADD9C-39D5-409A-96F7-30DA8161F22E}.Debug|Any CPU.ActiveCfg = Debug|Any CPU
		{49BADD9C-39D5-409A-96F7-30DA8161F22E}.Debug|Any CPU.Build.0 = Debug|Any CPU
		{49BADD9C-39D5-409A-96F7-30DA8161F22E}.Debug|x64.ActiveCfg = Debug|Any CPU
		{49BADD9C-39D5-409A-96F7-30DA8161F22E}.Debug|x64.Build.0 = Debug|Any CPU
		{49BADD9C-39D5-409A-96F7-30DA8161F22E}.Debug|x86.ActiveCfg = Debug|Any CPU
		{49BADD9C-39D5-409A-96F7-30DA8161F22E}.Debug|x86.Build.0 = Debug|Any CPU
		{49BADD9C-39D5-409A-96F7-30DA8161F22E}.Release|Any CPU.ActiveCfg = Release|Any CPU
		{49BADD9C-39D5-409A-96F7-30DA8161F22E}.Release|Any CPU.Build.0 = Release|Any CPU
		{49BADD9C-39D5-409A-96F7-30DA8161F22E}.Release|x64.ActiveCfg = Release|Any CPU
		{49BADD9C-39D5-409A-96F7-30DA8161F22E}.Release|x64.Build.0 = Release|Any CPU
		{49BADD9C-39D5-409A-96F7-30DA8161F22E}.Release|x86.ActiveCfg = Release|Any CPU
		{49BADD9C-39D5-409A-96F7-30DA8161F22E}.Release|x86.Build.0 = Release|Any CPU
		{CD441DF0-9544-4DA6-8095-A006B2AA216B}.Debug|Any CPU.ActiveCfg = Debug|Any CPU
		{CD441DF0-9544-4DA6-8095-A006B2AA216B}.Debug|Any CPU.Build.0 = Debug|Any CPU
		{CD441DF0-9544-4DA6-8095-A006B2AA216B}.Debug|x64.ActiveCfg = Debug|Any CPU
		{CD441DF0-9544-4DA6-8095-A006B2AA216B}.Debug|x64.Build.0 = Debug|Any CPU
		{CD441DF0-9544-4DA6-8095-A006B2AA216B}.Debug|x86.ActiveCfg = Debug|Any CPU
		{CD441DF0-9544-4DA6-8095-A006B2AA216B}.Debug|x86.Build.0 = Debug|Any CPU
		{CD441DF0-9544-4DA6-8095-A006B2AA216B}.Release|Any CPU.ActiveCfg = Release|Any CPU
		{CD441DF0-9544-4DA6-8095-A006B2AA216B}.Release|Any CPU.Build.0 = Release|Any CPU
		{CD441DF0-9544-4DA6-8095-A006B2AA216B}.Release|x64.ActiveCfg = Release|Any CPU
		{CD441DF0-9544-4DA6-8095-A006B2AA216B}.Release|x64.Build.0 = Release|Any CPU
		{CD441DF0-9544-4DA6-8095-A006B2AA216B}.Release|x86.ActiveCfg = Release|Any CPU
		{CD441DF0-9544-4DA6-8095-A006B2AA216B}.Release|x86.Build.0 = Release|Any CPU
		{26A4ABCF-AA6D-4EA0-9868-EFC1FA0B64E3}.Debug|Any CPU.ActiveCfg = Debug|Any CPU
		{26A4ABCF-AA6D-4EA0-9868-EFC1FA0B64E3}.Debug|Any CPU.Build.0 = Debug|Any CPU
		{26A4ABCF-AA6D-4EA0-9868-EFC1FA0B64E3}.Debug|x64.ActiveCfg = Debug|Any CPU
		{26A4ABCF-AA6D-4EA0-9868-EFC1FA0B64E3}.Debug|x64.Build.0 = Debug|Any CPU
		{26A4ABCF-AA6D-4EA0-9868-EFC1FA0B64E3}.Debug|x86.ActiveCfg = Debug|Any CPU
		{26A4ABCF-AA6D-4EA0-9868-EFC1FA0B64E3}.Debug|x86.Build.0 = Debug|Any CPU
		{26A4ABCF-AA6D-4EA0-9868-EFC1FA0B64E3}.Release|Any CPU.ActiveCfg = Release|Any CPU
		{26A4ABCF-AA6D-4EA0-9868-EFC1FA0B64E3}.Release|Any CPU.Build.0 = Release|Any CPU
		{26A4ABCF-AA6D-4EA0-9868-EFC1FA0B64E3}.Release|x64.ActiveCfg = Release|Any CPU
		{26A4ABCF-AA6D-4EA0-9868-EFC1FA0B64E3}.Release|x64.Build.0 = Release|Any CPU
		{26A4ABCF-AA6D-4EA0-9868-EFC1FA0B64E3}.Release|x86.ActiveCfg = Release|Any CPU
		{26A4ABCF-AA6D-4EA0-9868-EFC1FA0B64E3}.Release|x86.Build.0 = Release|Any CPU
		{A634AA7B-DA47-4516-9CA4-895D8417466B}.Debug|Any CPU.ActiveCfg = Debug|Any CPU
		{A634AA7B-DA47-4516-9CA4-895D8417466B}.Debug|Any CPU.Build.0 = Debug|Any CPU
		{A634AA7B-DA47-4516-9CA4-895D8417466B}.Debug|x64.ActiveCfg = Debug|Any CPU
		{A634AA7B-DA47-4516-9CA4-895D8417466B}.Debug|x64.Build.0 = Debug|Any CPU
		{A634AA7B-DA47-4516-9CA4-895D8417466B}.Debug|x86.ActiveCfg = Debug|Any CPU
		{A634AA7B-DA47-4516-9CA4-895D8417466B}.Debug|x86.Build.0 = Debug|Any CPU
		{A634AA7B-DA47-4516-9CA4-895D8417466B}.Release|Any CPU.ActiveCfg = Release|Any CPU
		{A634AA7B-DA47-4516-9CA4-895D8417466B}.Release|Any CPU.Build.0 = Release|Any CPU
		{A634AA7B-DA47-4516-9CA4-895D8417466B}.Release|x64.ActiveCfg = Release|Any CPU
		{A634AA7B-DA47-4516-9CA4-895D8417466B}.Release|x64.Build.0 = Release|Any CPU
		{A634AA7B-DA47-4516-9CA4-895D8417466B}.Release|x86.ActiveCfg = Release|Any CPU
		{A634AA7B-DA47-4516-9CA4-895D8417466B}.Release|x86.Build.0 = Release|Any CPU
	EndGlobalSection
	GlobalSection(SolutionProperties) = preSolution
		HideSolutionNode = FALSE
	EndGlobalSection
	GlobalSection(NestedProjects) = preSolution
		{282510F8-B020-4ACC-A000-B075941BFAF6} = {827E0CD3-B72D-47B6-A68D-7590B98EB39B}
		{49BADD9C-39D5-409A-96F7-30DA8161F22E} = {827E0CD3-B72D-47B6-A68D-7590B98EB39B}
		{CD441DF0-9544-4DA6-8095-A006B2AA216B} = {827E0CD3-B72D-47B6-A68D-7590B98EB39B}
		{26A4ABCF-AA6D-4EA0-9868-EFC1FA0B64E3} = {827E0CD3-B72D-47B6-A68D-7590B98EB39B}
		{A634AA7B-DA47-4516-9CA4-895D8417466B} = {0AB3BF05-4346-4AA6-1389-037BE0695223}
	EndGlobalSection
EndGlobal
